
Microsoft Visual Studio Solution File, Format Version 10.00
# Visual Studio 2008
Project("{FAE04EC0-301F-11D3-BF4B-00C04F79EFBC}") = "06110086_06110045_CoCaNgua", "06110086_06110045_CoCaNgua\06110086_06110045_CoCaNgua.csproj", "{5483D37E-DA07-4852-BFED-7D821FC0CE96}"
EndProject
Global
	GlobalSection(SolutionConfigurationPlatforms) = preSolution
		Debug|Any CPU = Debug|Any CPU
		Release|Any CPU = Release|Any CPU
	EndGlobalSection
	GlobalSection(ProjectConfigurationPlatforms) = postSolution
		{5483D37E-DA07-4852-BFED-7D821FC0CE96}.Debug|Any CPU.ActiveCfg = Debug|Any CPU
		{5483D37E-DA07-4852-BFED-7D821FC0CE96}.Debug|Any CPU.Build.0 = Debug|Any CPU
		{5483D37E-DA07-4852-BFED-7D821FC0CE96}.Release|Any CPU.ActiveCfg = Release|Any CPU
		{5483D37E-DA07-4852-BFED-7D821FC0CE96}.Release|Any CPU.Build.0 = Release|Any CPU
	EndGlobalSection
	GlobalSection(SolutionProperties) = preSolution
		HideSolutionNode = FALSE
	EndGlobalSection
EndGlobal
